<?xml version="1.0" encoding="utf-8"?>
<Project ToolsVersion="4.0" xmlns="http://schemas.microsoft.com/developer/msbuild/2003">
  <ItemGroup>
    <ClCompile Include="AnimationClip.cpp" />
    <ClCompile Include="App.cpp" />
    <ClCompile Include="Behaviour.cpp" />
    <ClCompile Include="BehaviourManager.cpp" />
    <ClCompile Include="BoxColliderComponent.cpp" />
    <ClCompile Include="Camera.cpp" />
    <ClCompile Include="CapsuleColliderComponent.cpp" />
    <ClCompile Include="ColliderComponent.cpp" />
    <ClCompile Include="CollisionMatrix.cpp" />
    <ClCompile Include="Component.cpp" />
    <ClCompile Include="GameObject.cpp" />
    <ClCompile Include="GlobalRegistry.cpp" />
    <ClCompile Include="InputManager.cpp" />
    <ClCompile Include="Light.cpp" />
    <ClCompile Include="Material.cpp" />
    <ClCompile Include="MaterialSerializer.cpp" />
    <ClCompile Include="MeshRenderer.cpp" />
    <ClCompile Include="MissingScriptBehaviour.cpp" />
    <ClCompile Include="MUID.cpp" />
    <ClCompile Include="Object.cpp" />
    <ClCompile Include="ObjectManager.cpp" />
    <ClCompile Include="pch.cpp" />
    <ClCompile Include="PhysicsEventCallback.cpp" />
    <ClCompile Include="PhysicsFilter.cpp" />
    <ClCompile Include="PhysicsSettings.cpp" />
    <ClCompile Include="PhysScene.cpp" />
    <ClCompile Include="PhysX.cpp" />
    <ClCompile Include="PhysxHelper.cpp" />
    <ClCompile Include="PhysxManager.cpp" />
    <ClCompile Include="PShader.cpp" />
    <ClCompile Include="RenderCommand.cpp" />
    <ClCompile Include="Renderer.cpp" />
    <ClCompile Include="RendererTools.cpp" />
    <ClCompile Include="RenderManager.cpp" />
    <ClCompile Include="RenderShared.cpp" />
    <ClCompile Include="RenderStateGuard.cpp" />
    <ClCompile Include="Resource.cpp" />
    <ClCompile Include="ResourceManager.cpp" />
    <ClCompile Include="ResourceSerializer.cpp" />
    <ClCompile Include="RigidBodyComponent.cpp" />
    <ClCompile Include="rttr_directxmath_registry.cpp" />
    <ClCompile Include="rttr_simplemath_registry.cpp" />
    <ClCompile Include="Scene.cpp" />
    <ClCompile Include="SceneManager.cpp" />
    <ClCompile Include="SceneSerializer.cpp" />
    <ClCompile Include="ScriptBehaviour.cpp" />
    <ClCompile Include="ShaderInfo.cpp" />
    <ClCompile Include="SkeletalMesh.cpp" />
    <ClCompile Include="SkyRenderer.cpp" />
    <ClCompile Include="SphereColliderComponent.cpp" />
    <ClCompile Include="StaticMesh.cpp" />
    <ClCompile Include="VShader.cpp" />
    <ClCompile Include="ScriptLoader.cpp" />
    <ClCompile Include="StringHelper.cpp" />
    <ClCompile Include="Texture2D.cpp" />
    <ClCompile Include="UserScriptMessageSignatures.cpp" />
    <ClCompile Include="TimeManager.cpp" />
    <ClCompile Include="Transform.cpp" />
  </ItemGroup>
  <ItemGroup>
    <ClInclude Include="AnimationClip.h" />
    <ClInclude Include="App.h" />
    <ClInclude Include="Behaviour.h" />
    <ClInclude Include="BoxColliderComponent.h" />
    <ClInclude Include="Camera.h" />
    <ClInclude Include="CapsuleColliderComponent.h" />
    <ClInclude Include="ColliderComponent.h" />
    <ClInclude Include="CollisionMatrix.h" />
    <ClInclude Include="Component.h" />
    <ClInclude Include="Delegates.hpp" />
    <ClInclude Include="DisplayMode.h" />
    <ClInclude Include="Export.h" />
    <ClInclude Include="ExportSingleton.hpp" />
    <ClInclude Include="GameObject.h" />
    <ClInclude Include="GlobalRegistry.h" />
    <ClInclude Include="Light.h" />
    <ClInclude Include="Material.h" />
    <ClInclude Include="MaterialSerializer.h" />
    <ClInclude Include="MeshRenderer.h" />
    <ClInclude Include="MissingScriptBehaviour.h" />
    <ClInclude Include="MMMApplication.h" />
    <ClInclude Include="MMMResources.h" />
    <ClInclude Include="MMMSceneManagement.h" />
    <ClInclude Include="MMMScreen.h" />
    <ClInclude Include="MUID.h" />
    <ClInclude Include="InputConstant.h" />
    <ClInclude Include="InputKeyCode.h" />
    <ClInclude Include="MMMInput.h" />
    <ClInclude Include="InputManager.h" />
    <ClInclude Include="pch.h" />
    <ClInclude Include="PhysicsEventCallback.h" />
    <ClInclude Include="PhysicsFilter.h" />
    <ClInclude Include="PhysicsSettings.h" />
    <ClInclude Include="PhysScene.h" />
    <ClInclude Include="PhysX.h" />
    <ClInclude Include="PhysxHelper.h" />
    <ClInclude Include="PhysxManager.h" />
    <ClInclude Include="PShader.h" />
    <ClInclude Include="RenderCommand.h" />
    <ClInclude Include="Renderer.h" />
    <ClInclude Include="RendererTools.h" />
    <ClInclude Include="RenderManager.h" />
    <ClInclude Include="RenderShared.h" />
    <ClInclude Include="RenderStateGuard.h" />
    <ClInclude Include="Resolution.h" />
    <ClInclude Include="Resource.h" />
    <ClInclude Include="MMMTime.h" />
    <ClInclude Include="Object.h" />
    <ClInclude Include="ObjectManager.h" />
    <ClInclude Include="ResourceSerializer.h" />
    <ClInclude Include="RigidBodyComponent.h" />
    <ClInclude Include="SafeRelease.h" />
    <ClInclude Include="Scene.h" />
    <ClInclude Include="SceneManager.h" />
    <ClInclude Include="SceneRef.h" />
    <ClInclude Include="SceneSerializer.h" />
    <ClInclude Include="ScriptBehaviour.h" />
    <ClInclude Include="ScriptLoader.h" />
    <ClInclude Include="SerializableEvent.h" />
    <ClInclude Include="ShaderInfo.h" />
    <ClInclude Include="SkeletalMesh.h" />
    <ClInclude Include="SkyRenderer.h" />
    <ClInclude Include="SphereColliderComponent.h" />
    <ClInclude Include="StaticMesh.h" />
    <ClInclude Include="UserScriptMessageSignatures.h" />
    <ClInclude Include="UserScriptsCommon.h" />
    <ClInclude Include="VShader.h" />
    <ClInclude Include="Singleton.hpp" />
    <ClInclude Include="StringHelper.h" />
    <ClInclude Include="Texture2D.h" />
    <ClInclude Include="TimeManager.h" />
    <ClInclude Include="Transform.h" />
    <ClInclude Include="ResourceManager.h" />
    <ClInclude Include="BehaviourManager.h" />
  </ItemGroup>
  <ItemGroup>
    <None Include="Object.inl" />
  </ItemGroup>
</Project>