<?xml version="1.0" encoding="utf-8"?>
<Project ToolsVersion="4.0" xmlns="http://schemas.microsoft.com/developer/msbuild/2003">
  <ItemGroup>
    <Filter Include="소스 파일">
      <UniqueIdentifier>{4FC737F1-C7A5-4376-A066-2A32D752A2FF}</UniqueIdentifier>
      <Extensions>cpp;c;cc;cxx;c++;cppm;ixx;def;odl;idl;hpj;bat;asm;asmx</Extensions>
    </Filter>
    <Filter Include="헤더 파일">
      <UniqueIdentifier>{93995380-89BD-4b04-88EB-625FBE52EBFB}</UniqueIdentifier>
      <Extensions>h;hh;hpp;hxx;h++;hm;inl;inc;ipp;xsd</Extensions>
    </Filter>
    <Filter Include="리소스 파일">
      <UniqueIdentifier>{67DA6AB6-F800-4c08-8B7A-83BB121AAD01}</UniqueIdentifier>
      <Extensions>rc;ico;cur;bmp;dlg;rc2;rct;bin;rgs;gif;jpg;jpeg;jpe;resx;tiff;tif;png;wav;mfcribbon-ms</Extensions>
    </Filter>
    <Filter Include="헤더 파일\EditorRegistry">
      <UniqueIdentifier>{6d6cef44-2f68-47f5-a714-d401bbbd5fb8}</UniqueIdentifier>
    </Filter>
    <Filter Include="헤더 파일\Project">
      <UniqueIdentifier>{430e761f-0d72-4342-a469-23d1f22139e1}</UniqueIdentifier>
    </Filter>
    <Filter Include="헤더 파일\ImGui">
      <UniqueIdentifier>{8d59adc8-3413-4b6f-9211-9f160439985d}</UniqueIdentifier>
    </Filter>
    <Filter Include="헤더 파일\ImGui\Backend">
      <UniqueIdentifier>{0a1d6bc3-16fe-4f35-9c8b-769871cc1c74}</UniqueIdentifier>
    </Filter>
    <Filter Include="소스 파일\ImGui">
      <UniqueIdentifier>{4021eccf-dab5-4e22-91be-7f80db466295}</UniqueIdentifier>
    </Filter>
    <Filter Include="소스 파일\ImGui\Backend">
      <UniqueIdentifier>{c365af90-17c9-425c-9a50-491f33c8b8d3}</UniqueIdentifier>
    </Filter>
    <Filter Include="소스 파일\EditorWIndow">
      <UniqueIdentifier>{3ef9e4fd-7906-456e-81aa-e94746d51ac1}</UniqueIdentifier>
    </Filter>
    <Filter Include="헤더 파일\EditorWindow">
      <UniqueIdentifier>{e99458c1-bb5b-4989-ac60-fb961dbb3c87}</UniqueIdentifier>
    </Filter>
    <Filter Include="소스 파일\Project">
      <UniqueIdentifier>{6179e345-0100-4c05-99da-7afa1b557ef6}</UniqueIdentifier>
    </Filter>
    <Filter Include="소스 파일\EditorWIndow\ForEditorContext">
      <UniqueIdentifier>{21b902e5-596e-44c6-a214-afeec71509be}</UniqueIdentifier>
    </Filter>
    <Filter Include="헤더 파일\EditorWindow\ForEditorContext">
      <UniqueIdentifier>{ec4962c3-a422-4040-bc15-fd4c8e4c2f6b}</UniqueIdentifier>
    </Filter>
    <Filter Include="헤더 파일\Build">
      <UniqueIdentifier>{af116535-42b3-4225-b0e2-bcdc5228a987}</UniqueIdentifier>
    </Filter>
    <Filter Include="소스 파일\Build">
      <UniqueIdentifier>{fad277f4-86f5-4186-b6b1-24ebde931458}</UniqueIdentifier>
    </Filter>
    <Filter Include="헤더 파일\Helper">
      <UniqueIdentifier>{dfe2ffe3-5f69-486c-8a5a-3dfa4bee71c0}</UniqueIdentifier>
    </Filter>
    <Filter Include="소스 파일\Helper">
      <UniqueIdentifier>{afce7a11-b75e-4d5a-98cc-d4b4f13a637d}</UniqueIdentifier>
    </Filter>
    <Filter Include="소스 파일\EditorWIndow\Popup">
      <UniqueIdentifier>{a88f4183-a68b-4589-8151-31cef6a91d8a}</UniqueIdentifier>
    </Filter>
    <Filter Include="헤더 파일\EditorWindow\Popup">
      <UniqueIdentifier>{c08b3bc1-1c08-415a-937f-35637ba02f9e}</UniqueIdentifier>
    </Filter>
    <Filter Include="헤더 파일\EditorWindow\ImGuiHelper">
      <UniqueIdentifier>{02682008-0f7d-4ca2-b282-177aa6605dac}</UniqueIdentifier>
    </Filter>
    <Filter Include="소스 파일\Tools">
      <UniqueIdentifier>{f5d1ba11-67c9-4d44-98a3-b2af76678253}</UniqueIdentifier>
    </Filter>
    <Filter Include="헤더 파일\Tools">
      <UniqueIdentifier>{b7bc31a0-bb47-4828-a210-a99182a22289}</UniqueIdentifier>
    </Filter>
    <Filter Include="헤더 파일\EditorCamera">
      <UniqueIdentifier>{4261ed5f-169b-4788-af8b-09bc1a8c1f91}</UniqueIdentifier>
    </Filter>
    <Filter Include="소스 파일\EditorCamera">
      <UniqueIdentifier>{bee8b106-bde9-4ffa-9315-07b901dba3c6}</UniqueIdentifier>
    </Filter>
    <Filter Include="소스 파일\EditorWIndow\CustomRenderer">
      <UniqueIdentifier>{02cc79c3-2dd4-4317-bec7-70685a0741d9}</UniqueIdentifier>
    </Filter>
    <Filter Include="소스 파일\ImGuizmo">
      <UniqueIdentifier>{6afa6a8d-eb5f-4e3e-98e5-207958df34b1}</UniqueIdentifier>
    </Filter>
    <Filter Include="헤더 파일\ImGuizmo">
      <UniqueIdentifier>{d1df62e8-7996-4171-9c42-b66dc185b68c}</UniqueIdentifier>
    </Filter>
    <Filter Include="헤더 파일\EditorWindow\ForEditorContext\CustomRenderer">
      <UniqueIdentifier>{4254a7e0-283f-4df6-ac1c-37939482433e}</UniqueIdentifier>
    </Filter>
  </ItemGroup>
  <ItemGroup>
    <ClInclude Include="EditorRegistry.h">
      <Filter>헤더 파일\EditorRegistry</Filter>
    </ClInclude>
    <ClInclude Include="Project.h">
      <Filter>헤더 파일\Project</Filter>
    </ClInclude>
    <ClInclude Include="imgui-docking\imgui.h">
      <Filter>헤더 파일\ImGui</Filter>
    </ClInclude>
    <ClInclude Include="imgui-docking\imgui_internal.h">
      <Filter>헤더 파일\ImGui</Filter>
    </ClInclude>
    <ClInclude Include="imgui-docking\imstb_rectpack.h">
      <Filter>헤더 파일\ImGui</Filter>
    </ClInclude>
    <ClInclude Include="imgui-docking\imstb_textedit.h">
      <Filter>헤더 파일\ImGui</Filter>
    </ClInclude>
    <ClInclude Include="imgui-docking\imstb_truetype.h">
      <Filter>헤더 파일\ImGui</Filter>
    </ClInclude>
    <ClInclude Include="imgui-docking\imconfig.h">
      <Filter>헤더 파일\ImGui</Filter>
    </ClInclude>
    <ClInclude Include="imgui-docking\backends\imgui_impl_dx11.h">
      <Filter>헤더 파일\ImGui\Backend</Filter>
    </ClInclude>
    <ClInclude Include="imgui-docking\backends\imgui_impl_null.h">
      <Filter>헤더 파일\ImGui\Backend</Filter>
    </ClInclude>
    <ClInclude Include="imgui-docking\backends\imgui_impl_win32.h">
      <Filter>헤더 파일\ImGui\Backend</Filter>
    </ClInclude>
    <ClInclude Include="ImGuiEditorContext.h">
      <Filter>헤더 파일\EditorWindow\ForEditorContext</Filter>
    </ClInclude>
    <ClInclude Include="HierarchyWindow.h">
      <Filter>헤더 파일\EditorWindow</Filter>
    </ClInclude>
    <ClInclude Include="InspectorWindow.h">
      <Filter>헤더 파일\EditorWindow</Filter>
    </ClInclude>
    <ClInclude Include="DragAndDrop.h">
      <Filter>헤더 파일\EditorWindow\ForEditorContext</Filter>
    </ClInclude>
    <ClInclude Include="ProjectManager.h">
      <Filter>헤더 파일\Project</Filter>
    </ClInclude>
    <ClInclude Include="BuildManager.h">
      <Filter>헤더 파일\Build</Filter>
    </ClInclude>
    <ClInclude Include="UserScriptsGenerator.h">
      <Filter>헤더 파일\Build</Filter>
    </ClInclude>
    <ClInclude Include="DLLHotLoadHelper.h">
      <Filter>헤더 파일\Helper</Filter>
    </ClInclude>
    <ClInclude Include="SceneListWindow.h">
      <Filter>헤더 파일\EditorWindow\Popup</Filter>
    </ClInclude>
    <ClInclude Include="StartUpProjectWindow.h">
      <Filter>헤더 파일\EditorWindow\Popup</Filter>
    </ClInclude>
    <ClInclude Include="ScriptBuildWindow.h">
      <Filter>헤더 파일\EditorWindow\Popup</Filter>
    </ClInclude>
    <ClInclude Include="ConsoleWindow.h">
      <Filter>헤더 파일\EditorWindow</Filter>
    </ClInclude>
    <ClInclude Include="ConsoleStreamBuf.h">
      <Filter>헤더 파일\EditorWindow\ImGuiHelper</Filter>
    </ClInclude>
    <ClInclude Include="FilesWindow.h">
      <Filter>헤더 파일\EditorWindow</Filter>
    </ClInclude>
    <ClInclude Include="AssimpLoader.h">
      <Filter>헤더 파일\Tools</Filter>
    </ClInclude>
    <ClInclude Include="EditorCamera.h">
      <Filter>헤더 파일\EditorCamera</Filter>
    </ClInclude>
    <ClInclude Include="SceneViewWindow.h">
      <Filter>헤더 파일\EditorWindow</Filter>
    </ClInclude>
    <ClInclude Include="GameViewWindow.h">
      <Filter>헤더 파일\EditorWindow</Filter>
    </ClInclude>
    <ClInclude Include="EditorGridRenderer.h">
      <Filter>헤더 파일\EditorWindow\ForEditorContext\CustomRenderer</Filter>
    </ClInclude>
    <ClInclude Include="EditorShader.h">
      <Filter>헤더 파일\EditorRegistry</Filter>
    </ClInclude>
    <ClInclude Include="ImGuizmo\ImGuizmo.h">
      <Filter>헤더 파일\ImGuizmo</Filter>
    </ClInclude>
    <ClInclude Include="PhysicsSettingsWindow.h">
      <Filter>헤더 파일\EditorWindow\Popup</Filter>
    </ClInclude>
    <ClInclude Include="PlayerBuildWindow.h">
      <Filter>헤더 파일\EditorWindow\Popup</Filter>
    </ClInclude>
    <ClInclude Include="SceneNameWindow.h">
      <Filter>헤더 파일\EditorWindow\Popup</Filter>
    </ClInclude>
    <ClInclude Include="SceneChangeWindow.h">
      <Filter>헤더 파일\EditorWindow\Popup</Filter>
    </ClInclude>
    <ClInclude Include="DebugDraw.h">
      <Filter>헤더 파일\Helper</Filter>
    </ClInclude>
    <ClInclude Include="AssimpLoaderWindow.h">
      <Filter>헤더 파일\EditorWindow\Popup</Filter>
    </ClInclude>
  </ItemGroup>
  <ItemGroup>
    <ClCompile Include="main.cpp">
      <Filter>소스 파일</Filter>
    </ClCompile>
    <ClCompile Include="imgui-docking\imgui.cpp">
      <Filter>소스 파일\ImGui</Filter>
    </ClCompile>
    <ClCompile Include="imgui-docking\imgui_demo.cpp">
      <Filter>소스 파일\ImGui</Filter>
    </ClCompile>
    <ClCompile Include="imgui-docking\imgui_draw.cpp">
      <Filter>소스 파일\ImGui</Filter>
    </ClCompile>
    <ClCompile Include="imgui-docking\imgui_tables.cpp">
      <Filter>소스 파일\ImGui</Filter>
    </ClCompile>
    <ClCompile Include="imgui-docking\imgui_widgets.cpp">
      <Filter>소스 파일\ImGui</Filter>
    </ClCompile>
    <ClCompile Include="imgui-docking\backends\imgui_impl_dx11.cpp">
      <Filter>소스 파일\ImGui\Backend</Filter>
    </ClCompile>
    <ClCompile Include="imgui-docking\backends\imgui_impl_null.cpp">
      <Filter>소스 파일\ImGui\Backend</Filter>
    </ClCompile>
    <ClCompile Include="imgui-docking\backends\imgui_impl_win32.cpp">
      <Filter>소스 파일\ImGui\Backend</Filter>
    </ClCompile>
    <ClCompile Include="ImGuiEditorContext.cpp">
      <Filter>소스 파일\EditorWIndow\ForEditorContext</Filter>
    </ClCompile>
    <ClCompile Include="HierarchyWindow.cpp">
      <Filter>소스 파일\EditorWIndow</Filter>
    </ClCompile>
    <ClCompile Include="InspectorWindow.cpp">
      <Filter>소스 파일\EditorWIndow</Filter>
    </ClCompile>
    <ClCompile Include="ProjectManager.cpp">
      <Filter>소스 파일\Project</Filter>
    </ClCompile>
    <ClCompile Include="DLLHotLoadHelper.cpp">
      <Filter>소스 파일\Helper</Filter>
    </ClCompile>
    <ClCompile Include="BuildManager.cpp">
      <Filter>소스 파일\Build</Filter>
    </ClCompile>
    <ClCompile Include="UserScriptsGenerator.cpp">
      <Filter>소스 파일\Build</Filter>
    </ClCompile>
    <ClCompile Include="SceneListWindow.cpp">
      <Filter>소스 파일\EditorWIndow\Popup</Filter>
    </ClCompile>
    <ClCompile Include="StartUpProjectWindow.cpp">
      <Filter>소스 파일\EditorWIndow\Popup</Filter>
    </ClCompile>
    <ClCompile Include="ScriptBuildWindow.cpp">
      <Filter>소스 파일\EditorWIndow\Popup</Filter>
    </ClCompile>
    <ClCompile Include="ConsoleWindow.cpp">
      <Filter>소스 파일\EditorWIndow</Filter>
    </ClCompile>
    <ClCompile Include="FilesWindow.cpp">
      <Filter>소스 파일\EditorWIndow</Filter>
    </ClCompile>
    <ClCompile Include="AssimpLoader.cpp">
      <Filter>소스 파일\Tools</Filter>
    </ClCompile>
    <ClCompile Include="EditorCamera.cpp">
      <Filter>소스 파일\EditorCamera</Filter>
    </ClCompile>
    <ClCompile Include="SceneViewWindow.cpp">
      <Filter>소스 파일\EditorWIndow</Filter>
    </ClCompile>
    <ClCompile Include="GameViewWindow.cpp">
      <Filter>소스 파일\EditorWIndow</Filter>
    </ClCompile>
    <ClCompile Include="EditorGridRenderer.cpp">
      <Filter>소스 파일\EditorWIndow\CustomRenderer</Filter>
    </ClCompile>
    <ClCompile Include="ImGuizmo\ImGuizmo.cpp">
      <Filter>소스 파일\ImGuizmo</Filter>
    </ClCompile>
    <ClCompile Include="PhysicsSettingsWindow.cpp">
      <Filter>소스 파일\EditorWIndow\Popup</Filter>
    </ClCompile>
    <ClCompile Include="PlayerBuildWindow.cpp">
      <Filter>소스 파일\EditorWIndow\Popup</Filter>
    </ClCompile>
    <ClCompile Include="SceneNameWindow.cpp">
      <Filter>소스 파일\EditorWIndow\Popup</Filter>
    </ClCompile>
    <ClCompile Include="SceneChangeWindow.cpp">
      <Filter>소스 파일\EditorWIndow\Popup</Filter>
    </ClCompile>
    <ClCompile Include="DebugDraw.cpp">
      <Filter>소스 파일\Helper</Filter>
    </ClCompile>
    <ClCompile Include="AssimpLoaderWindow.cpp">
      <Filter>소스 파일\EditorWIndow\Popup</Filter>
    </ClCompile>
  </ItemGroup>
</Project>